
Microsoft Visual Studio Solution File, Format Version 12.00
# Visual Studio Version 17
VisualStudioVersion = 17.0.31903.59
MinimumVisualStudioVersion = 10.0.40219.1
Project("{FAE04EC0-301F-11D3-BF4B-00C04F79EFBC}") = "SpotThief.Web", "SpotThief.Web\SpotThief.Web.csproj", "{CB5F55A1-79D3-412D-BBE5-CFB9398EAE59}"
EndProject
Project("{FAE04EC0-301F-11D3-BF4B-00C04F79EFBC}") = "SpotThief.DataLib", "SpotThief.DataLib\SpotThief.DataLib.csproj", "{2AD6CFE1-2E87-4FAF-BC3B-BE5E05C540B0}"
EndProject
Project("{FAE04EC0-301F-11D3-BF4B-00C04F79EFBC}") = "SpotThief.TestBench", "SpotThief.TestBench\SpotThief.TestBench.csproj", "{763F0722-C56B-4D26-8A96-D58884F6F1A2}"
EndProject
Global
	GlobalSection(SolutionConfigurationPlatforms) = preSolution
		Debug|Any CPU = Debug|Any CPU
		Release|Any CPU = Release|Any CPU
	EndGlobalSection
	GlobalSection(SolutionProperties) = preSolution
		HideSolutionNode = FALSE
	EndGlobalSection
	GlobalSection(ProjectConfigurationPlatforms) = postSolution
		{CB5F55A1-79D3-412D-BBE5-CFB9398EAE59}.Debug|Any CPU.ActiveCfg = Debug|Any CPU
		{CB5F55A1-79D3-412D-BBE5-CFB9398EAE59}.Debug|Any CPU.Build.0 = Debug|Any CPU
		{CB5F55A1-79D3-412D-BBE5-CFB9398EAE59}.Release|Any CPU.ActiveCfg = Release|Any CPU
		{CB5F55A1-79D3-412D-BBE5-CFB9398EAE59}.Release|Any CPU.Build.0 = Release|Any CPU
		{2AD6CFE1-2E87-4FAF-BC3B-BE5E05C540B0}.Debug|Any CPU.ActiveCfg = Debug|Any CPU
		{2AD6CFE1-2E87-4FAF-BC3B-BE5E05C540B0}.Debug|Any CPU.Build.0 = Debug|Any CPU
		{2AD6CFE1-2E87-4FAF-BC3B-BE5E05C540B0}.Release|Any CPU.ActiveCfg = Release|Any CPU
		{2AD6CFE1-2E87-4FAF-BC3B-BE5E05C540B0}.Release|Any CPU.Build.0 = Release|Any CPU
		{763F0722-C56B-4D26-8A96-D58884F6F1A2}.Debug|Any CPU.ActiveCfg = Debug|Any CPU
		{763F0722-C56B-4D26-8A96-D58884F6F1A2}.Debug|Any CPU.Build.0 = Debug|Any CPU
		{763F0722-C56B-4D26-8A96-D58884F6F1A2}.Release|Any CPU.ActiveCfg = Release|Any CPU
		{763F0722-C56B-4D26-8A96-D58884F6F1A2}.Release|Any CPU.Build.0 = Release|Any CPU
	EndGlobalSection
EndGlobal
